
Microsoft Visual Studio Solution File, Format Version 12.00
# Visual Studio Version 17
VisualStudioVersion = 17.5.2.0
MinimumVisualStudioVersion = 10.0.40219.1
Project("{FAE04EC0-301F-11D3-BF4B-00C04F79EFBC}") = "EventManagementService.Presentation", "src\EventManagementService.Presentation\EventManagementService.Presentation.csproj", "{49C66B98-6779-6167-4187-17DA173AAB49}"
EndProject
Project("{FAE04EC0-301F-11D3-BF4B-00C04F79EFBC}") = "EventManagementService.API.Tests", "tests\EventManagementService.API.Tests\EventManagementService.API.Tests.csproj", "{B766916C-4EB5-4345-861D-C2CB513C2C57}"
EndProject
Project("{2150E333-8FDC-42A3-9474-1A3956D46DE8}") = "tests", "tests", "{0AB3BF05-4346-4AA6-1389-037BE0695223}"
EndProject
Project("{FAE04EC0-301F-11D3-BF4B-00C04F79EFBC}") = "EventManagementService.API.IntegrationTests", "tests\EventManagementService.API.IntegrationTests\EventManagementService.API.IntegrationTests.csproj", "{D460FA8B-E2AE-4D86-958D-8C29C846B900}"
EndProject
Project("{2150E333-8FDC-42A3-9474-1A3956D46DE8}") = "src", "src", "{827E0CD3-B72D-47B6-A68D-7590B98EB39B}"
EndProject
Project("{FAE04EC0-301F-11D3-BF4B-00C04F79EFBC}") = "EventManagementService.Domain", "src\EventManagementService.Domain\EventManagementService.Domain.csproj", "{DB60F5C4-A88D-485D-84EC-5B7D9B40C2B6}"
EndProject
Project("{FAE04EC0-301F-11D3-BF4B-00C04F79EFBC}") = "EventManagementService.Application", "src\EventManagementService.Application\EventManagementService.Application.csproj", "{F82189D7-F513-4D0B-B463-2DF327CDF0F6}"
EndProject
Project("{FAE04EC0-301F-11D3-BF4B-00C04F79EFBC}") = "EventManagementService.Infrastructure", "src\EventManagementService.Infrastructure\EventManagementService.Infrastructure.csproj", "{F343AC4B-6F9E-4CC0-A503-C95E4039D459}"
EndProject
Global
	GlobalSection(SolutionConfigurationPlatforms) = preSolution
		Debug|Any CPU = Debug|Any CPU
		Debug|x64 = Debug|x64
		Debug|x86 = Debug|x86
		Release|Any CPU = Release|Any CPU
		Release|x64 = Release|x64
		Release|x86 = Release|x86
	EndGlobalSection
	GlobalSection(ProjectConfigurationPlatforms) = postSolution
		{49C66B98-6779-6167-4187-17DA173AAB49}.Debug|Any CPU.ActiveCfg = Debug|Any CPU
		{49C66B98-6779-6167-4187-17DA173AAB49}.Debug|Any CPU.Build.0 = Debug|Any CPU
		{49C66B98-6779-6167-4187-17DA173AAB49}.Debug|x64.ActiveCfg = Debug|Any CPU
		{49C66B98-6779-6167-4187-17DA173AAB49}.Debug|x64.Build.0 = Debug|Any CPU
		{49C66B98-6779-6167-4187-17DA173AAB49}.Debug|x86.ActiveCfg = Debug|Any CPU
		{49C66B98-6779-6167-4187-17DA173AAB49}.Debug|x86.Build.0 = Debug|Any CPU
		{49C66B98-6779-6167-4187-17DA173AAB49}.Release|Any CPU.ActiveCfg = Release|Any CPU
		{49C66B98-6779-6167-4187-17DA173AAB49}.Release|Any CPU.Build.0 = Release|Any CPU
		{49C66B98-6779-6167-4187-17DA173AAB49}.Release|x64.ActiveCfg = Release|Any CPU
		{49C66B98-6779-6167-4187-17DA173AAB49}.Release|x64.Build.0 = Release|Any CPU
		{49C66B98-6779-6167-4187-17DA173AAB49}.Release|x86.ActiveCfg = Release|Any CPU
		{49C66B98-6779-6167-4187-17DA173AAB49}.Release|x86.Build.0 = Release|Any CPU
		{B766916C-4EB5-4345-861D-C2CB513C2C57}.Debug|Any CPU.ActiveCfg = Debug|Any CPU
		{B766916C-4EB5-4345-861D-C2CB513C2C57}.Debug|Any CPU.Build.0 = Debug|Any CPU
		{B766916C-4EB5-4345-861D-C2CB513C2C57}.Debug|x64.ActiveCfg = Debug|Any CPU
		{B766916C-4EB5-4345-861D-C2CB513C2C57}.Debug|x64.Build.0 = Debug|Any CPU
		{B766916C-4EB5-4345-861D-C2CB513C2C57}.Debug|x86.ActiveCfg = Debug|Any CPU
		{B766916C-4EB5-4345-861D-C2CB513C2C57}.Debug|x86.Build.0 = Debug|Any CPU
		{B766916C-4EB5-4345-861D-C2CB513C2C57}.Release|Any CPU.ActiveCfg = Release|Any CPU
		{B766916C-4EB5-4345-861D-C2CB513C2C57}.Release|Any CPU.Build.0 = Release|Any CPU
		{B766916C-4EB5-4345-861D-C2CB513C2C57}.Release|x64.ActiveCfg = Release|Any CPU
		{B766916C-4EB5-4345-861D-C2CB513C2C57}.Release|x64.Build.0 = Release|Any CPU
		{B766916C-4EB5-4345-861D-C2CB513C2C57}.Release|x86.ActiveCfg = Release|Any CPU
		{B766916C-4EB5-4345-861D-C2CB513C2C57}.Release|x86.Build.0 = Release|Any CPU
		{D460FA8B-E2AE-4D86-958D-8C29C846B900}.Debug|Any CPU.ActiveCfg = Debug|Any CPU
		{D460FA8B-E2AE-4D86-958D-8C29C846B900}.Debug|Any CPU.Build.0 = Debug|Any CPU
		{D460FA8B-E2AE-4D86-958D-8C29C846B900}.Debug|x64.ActiveCfg = Debug|Any CPU
		{D460FA8B-E2AE-4D86-958D-8C29C846B900}.Debug|x64.Build.0 = Debug|Any CPU
		{D460FA8B-E2AE-4D86-958D-8C29C846B900}.Debug|x86.ActiveCfg = Debug|Any CPU
		{D460FA8B-E2AE-4D86-958D-8C29C846B900}.Debug|x86.Build.0 = Debug|Any CPU
		{D460FA8B-E2AE-4D86-958D-8C29C846B900}.Release|Any CPU.ActiveCfg = Release|Any CPU
		{D460FA8B-E2AE-4D86-958D-8C29C846B900}.Release|Any CPU.Build.0 = Release|Any CPU
		{D460FA8B-E2AE-4D86-958D-8C29C846B900}.Release|x64.ActiveCfg = Release|Any CPU
		{D460FA8B-E2AE-4D86-958D-8C29C846B900}.Release|x64.Build.0 = Release|Any CPU
		{D460FA8B-E2AE-4D86-958D-8C29C846B900}.Release|x86.ActiveCfg = Release|Any CPU
		{D460FA8B-E2AE-4D86-958D-8C29C846B900}.Release|x86.Build.0 = Release|Any CPU
		{DB60F5C4-A88D-485D-84EC-5B7D9B40C2B6}.Debug|Any CPU.ActiveCfg = Debug|Any CPU
		{DB60F5C4-A88D-485D-84EC-5B7D9B40C2B6}.Debug|Any CPU.Build.0 = Debug|Any CPU
		{DB60F5C4-A88D-485D-84EC-5B7D9B40C2B6}.Debug|x64.ActiveCfg = Debug|Any CPU
		{DB60F5C4-A88D-485D-84EC-5B7D9B40C2B6}.Debug|x64.Build.0 = Debug|Any CPU
		{DB60F5C4-A88D-485D-84EC-5B7D9B40C2B6}.Debug|x86.ActiveCfg = Debug|Any CPU
		{DB60F5C4-A88D-485D-84EC-5B7D9B40C2B6}.Debug|x86.Build.0 = Debug|Any CPU
		{DB60F5C4-A88D-485D-84EC-5B7D9B40C2B6}.Release|Any CPU.ActiveCfg = Release|Any CPU
		{DB60F5C4-A88D-485D-84EC-5B7D9B40C2B6}.Release|Any CPU.Build.0 = Release|Any CPU
		{DB60F5C4-A88D-485D-84EC-5B7D9B40C2B6}.Release|x64.ActiveCfg = Release|Any CPU
		{DB60F5C4-A88D-485D-84EC-5B7D9B40C2B6}.Release|x64.Build.0 = Release|Any CPU
		{DB60F5C4-A88D-485D-84EC-5B7D9B40C2B6}.Release|x86.ActiveCfg = Release|Any CPU
		{DB60F5C4-A88D-485D-84EC-5B7D9B40C2B6}.Release|x86.Build.0 = Release|Any CPU
		{F82189D7-F513-4D0B-B463-2DF327CDF0F6}.Debug|Any CPU.ActiveCfg = Debug|Any CPU
		{F82189D7-F513-4D0B-B463-2DF327CDF0F6}.Debug|Any CPU.Build.0 = Debug|Any CPU
		{F82189D7-F513-4D0B-B463-2DF327CDF0F6}.Debug|x64.ActiveCfg = Debug|Any CPU
		{F82189D7-F513-4D0B-B463-2DF327CDF0F6}.Debug|x64.Build.0 = Debug|Any CPU
		{F82189D7-F513-4D0B-B463-2DF327CDF0F6}.Debug|x86.ActiveCfg = Debug|Any CPU
		{F82189D7-F513-4D0B-B463-2DF327CDF0F6}.Debug|x86.Build.0 = Debug|Any CPU
		{F82189D7-F513-4D0B-B463-2DF327CDF0F6}.Release|Any CPU.ActiveCfg = Release|Any CPU
		{F82189D7-F513-4D0B-B463-2DF327CDF0F6}.Release|Any CPU.Build.0 = Release|Any CPU
		{F82189D7-F513-4D0B-B463-2DF327CDF0F6}.Release|x64.ActiveCfg = Release|Any CPU
		{F82189D7-F513-4D0B-B463-2DF327CDF0F6}.Release|x64.Build.0 = Release|Any CPU
		{F82189D7-F513-4D0B-B463-2DF327CDF0F6}.Release|x86.ActiveCfg = Release|Any CPU
		{F82189D7-F513-4D0B-B463-2DF327CDF0F6}.Release|x86.Build.0 = Release|Any CPU
		{F343AC4B-6F9E-4CC0-A503-C95E4039D459}.Debug|Any CPU.ActiveCfg = Debug|Any CPU
		{F343AC4B-6F9E-4CC0-A503-C95E4039D459}.Debug|Any CPU.Build.0 = Debug|Any CPU
		{F343AC4B-6F9E-4CC0-A503-C95E4039D459}.Debug|x64.ActiveCfg = Debug|Any CPU
		{F343AC4B-6F9E-4CC0-A503-C95E4039D459}.Debug|x64.Build.0 = Debug|Any CPU
		{F343AC4B-6F9E-4CC0-A503-C95E4039D459}.Debug|x86.ActiveCfg = Debug|Any CPU
		{F343AC4B-6F9E-4CC0-A503-C95E4039D459}.Debug|x86.Build.0 = Debug|Any CPU
		{F343AC4B-6F9E-4CC0-A503-C95E4039D459}.Release|Any CPU.ActiveCfg = Release|Any CPU
		{F343AC4B-6F9E-4CC0-A503-C95E4039D459}.Release|Any CPU.Build.0 = Release|Any CPU
		{F343AC4B-6F9E-4CC0-A503-C95E4039D459}.Release|x64.ActiveCfg = Release|Any CPU
		{F343AC4B-6F9E-4CC0-A503-C95E4039D459}.Release|x64.Build.0 = Release|Any CPU
		{F343AC4B-6F9E-4CC0-A503-C95E4039D459}.Release|x86.ActiveCfg = Release|Any CPU
		{F343AC4B-6F9E-4CC0-A503-C95E4039D459}.Release|x86.Build.0 = Release|Any CPU
	EndGlobalSection
	GlobalSection(SolutionProperties) = preSolution
		HideSolutionNode = FALSE
	EndGlobalSection
	GlobalSection(NestedProjects) = preSolution
		{D460FA8B-E2AE-4D86-958D-8C29C846B900} = {0AB3BF05-4346-4AA6-1389-037BE0695223}
		{DB60F5C4-A88D-485D-84EC-5B7D9B40C2B6} = {827E0CD3-B72D-47B6-A68D-7590B98EB39B}
		{F82189D7-F513-4D0B-B463-2DF327CDF0F6} = {827E0CD3-B72D-47B6-A68D-7590B98EB39B}
		{F343AC4B-6F9E-4CC0-A503-C95E4039D459} = {827E0CD3-B72D-47B6-A68D-7590B98EB39B}
	EndGlobalSection
	GlobalSection(ExtensibilityGlobals) = postSolution
		SolutionGuid = {FEFC08F2-A527-463B-8A58-7294893C90A5}
	EndGlobalSection
EndGlobal
