
Microsoft Visual Studio Solution File, Format Version 12.00
# Visual Studio Version 17
VisualStudioVersion = 17.5.2.0
MinimumVisualStudioVersion = 10.0.40219.1
Project("{FAE04EC0-301F-11D3-BF4B-00C04F79EFBC}") = "EventManagementService.Presentation", "src\EventManagementService.Presentation\EventManagementService.Presentation.csproj", "{49C66B98-6779-6167-4187-17DA173AAB49}"
EndProject
Project("{FAE04EC0-301F-11D3-BF4B-00C04F79EFBC}") = "EventManagementService.API.Tests", "tests\EventManagementService.API.Tests\EventManagementService.API.Tests.csproj", "{B766916C-4EB5-4345-861D-C2CB513C2C57}"
EndProject
Project("{2150E333-8FDC-42A3-9474-1A3956D46DE8}") = "tests", "tests", "{0AB3BF05-4346-4AA6-1389-037BE0695223}"
EndProject
Project("{FAE04EC0-301F-11D3-BF4B-00C04F79EFBC}") = "EventManagementService.API.IntegrationTests", "tests\EventManagementService.API.IntegrationTests\EventManagementService.API.IntegrationTests.csproj", "{D460FA8B-E2AE-4D86-958D-8C29C846B900}"
EndProject
Project("{2150E333-8FDC-42A3-9474-1A3956D46DE8}") = "src", "src", "{827E0CD3-B72D-47B6-A68D-7590B98EB39B}"
EndProject
Project("{FAE04EC0-301F-11D3-BF4B-00C04F79EFBC}") = "EventManagementService.Domain", "src\EventManagementService.Domain\EventManagementService.Domain.csproj", "{DB60F5C4-A88D-485D-84EC-5B7D9B40C2B6}"
EndProject
Project("{FAE04EC0-301F-11D3-BF4B-00C04F79EFBC}") = "EventManagementService.Application", "src\EventManagementService.Application\EventManagementService.Application.csproj", "{F82189D7-F513-4D0B-B463-2DF327CDF0F6}"
EndProject
Project("{FAE04EC0-301F-11D3-BF4B-00C04F79EFBC}") = "EventManagementService.Infrastructure", "src\EventManagementService.Infrastructure\EventManagementService.Infrastructure.csproj", "{F343AC4B-6F9E-4CC0-A503-C95E4039D459}"
EndProject
Project("{FAE04EC0-301F-11D3-BF4B-00C04F79EFBC}") = "EventManagementService.Contracts", "src\EventManagementService.Contracts\EventManagementService.Contracts.csproj", "{730D9FE9-216C-4F8A-841D-E9F7B4ABD321}"
EndProject
Project("{FAE04EC0-301F-11D3-BF4B-00C04F79EFBC}") = "EventManagementService.Users.Domain", "src\EventManagementService.Users.Domain\EventManagementService.Users.Domain.csproj", "{B0FCE63D-FFA6-4D04-83CF-4055C67C3606}"
EndProject
Project("{FAE04EC0-301F-11D3-BF4B-00C04F79EFBC}") = "EventManagementService.Users.Application", "src\EventManagementService.Users.Application\EventManagementService.Users.Application.csproj", "{C5396E29-9C03-42E6-A15B-E2EB214E83EB}"
EndProject
Project("{FAE04EC0-301F-11D3-BF4B-00C04F79EFBC}") = "EventManagementService.Users.Infrastructure", "src\EventManagementService.Users.Infrastructure\EventManagementService.Users.Infrastructure.csproj", "{D9A77112-BA7D-4D76-9577-F729F1AA0914}"
EndProject
Project("{FAE04EC0-301F-11D3-BF4B-00C04F79EFBC}") = "EventManagementService.Users.Presentation", "src\EventManagementService.Users.Presentation\EventManagementService.Users.Presentation.csproj", "{8141772B-723B-4CA1-8CB5-BA9FDDC3574C}"
EndProject
Project("{FAE04EC0-301F-11D3-BF4B-00C04F79EFBC}") = "EventManagementService.Events.Domain", "src\EventManagementService.Events.Domain\EventManagementService.Events.Domain.csproj", "{4A479AC8-528D-4EF6-A291-C48ADC2FCA4D}"
EndProject
Project("{FAE04EC0-301F-11D3-BF4B-00C04F79EFBC}") = "EventManagementService.Events.Application", "src\EventManagementService.Events.Application\EventManagementService.Events.Application.csproj", "{298BD32D-889F-4767-AE1B-E714BF257FEB}"
EndProject
Project("{FAE04EC0-301F-11D3-BF4B-00C04F79EFBC}") = "EventManagementService.Events.Infrastructure", "src\EventManagementService.Events.Infrastructure\EventManagementService.Events.Infrastructure.csproj", "{BBE34007-FB86-4CCB-9EB3-F1AB964069E1}"
EndProject
Project("{FAE04EC0-301F-11D3-BF4B-00C04F79EFBC}") = "EventManagementService.Events.Presentation", "src\EventManagementService.Events.Presentation\EventManagementService.Events.Presentation.csproj", "{4CA29414-8625-435C-AA8D-C07BCC4427CB}"
EndProject
Project("{FAE04EC0-301F-11D3-BF4B-00C04F79EFBC}") = "EventManagementService.Bookings.Domain", "src\EventManagementService.Bookings.Domain\EventManagementService.Bookings.Domain.csproj", "{29EBDD43-263E-4C3D-8245-0EC3A52DA8EC}"
EndProject
Project("{FAE04EC0-301F-11D3-BF4B-00C04F79EFBC}") = "EventManagementService.Bookings.Application", "src\EventManagementService.Bookings.Application\EventManagementService.Bookings.Application.csproj", "{ADAE5F60-A367-4C38-A950-9921A98AF13A}"
EndProject
Project("{FAE04EC0-301F-11D3-BF4B-00C04F79EFBC}") = "EventManagementService.Bookings.Infrastructure", "src\EventManagementService.Bookings.Infrastructure\EventManagementService.Bookings.Infrastructure.csproj", "{AC2B8BD5-5CB3-46D6-9338-82381DDF1B23}"
EndProject
Project("{FAE04EC0-301F-11D3-BF4B-00C04F79EFBC}") = "EventManagementService.Bookings.Presentation", "src\EventManagementService.Bookings.Presentation\EventManagementService.Bookings.Presentation.csproj", "{0D5F94F0-A567-402A-8CA9-312B420B7579}"
EndProject
Global
	GlobalSection(SolutionConfigurationPlatforms) = preSolution
		Debug|Any CPU = Debug|Any CPU
		Debug|x64 = Debug|x64
		Debug|x86 = Debug|x86
		Release|Any CPU = Release|Any CPU
		Release|x64 = Release|x64
		Release|x86 = Release|x86
	EndGlobalSection
	GlobalSection(ProjectConfigurationPlatforms) = postSolution
		{49C66B98-6779-6167-4187-17DA173AAB49}.Debug|Any CPU.ActiveCfg = Debug|Any CPU
		{49C66B98-6779-6167-4187-17DA173AAB49}.Debug|Any CPU.Build.0 = Debug|Any CPU
		{49C66B98-6779-6167-4187-17DA173AAB49}.Debug|x64.ActiveCfg = Debug|Any CPU
		{49C66B98-6779-6167-4187-17DA173AAB49}.Debug|x64.Build.0 = Debug|Any CPU
		{49C66B98-6779-6167-4187-17DA173AAB49}.Debug|x86.ActiveCfg = Debug|Any CPU
		{49C66B98-6779-6167-4187-17DA173AAB49}.Debug|x86.Build.0 = Debug|Any CPU
		{49C66B98-6779-6167-4187-17DA173AAB49}.Release|Any CPU.ActiveCfg = Release|Any CPU
		{49C66B98-6779-6167-4187-17DA173AAB49}.Release|Any CPU.Build.0 = Release|Any CPU
		{49C66B98-6779-6167-4187-17DA173AAB49}.Release|x64.ActiveCfg = Release|Any CPU
		{49C66B98-6779-6167-4187-17DA173AAB49}.Release|x64.Build.0 = Release|Any CPU
		{49C66B98-6779-6167-4187-17DA173AAB49}.Release|x86.ActiveCfg = Release|Any CPU
		{49C66B98-6779-6167-4187-17DA173AAB49}.Release|x86.Build.0 = Release|Any CPU
		{B766916C-4EB5-4345-861D-C2CB513C2C57}.Debug|Any CPU.ActiveCfg = Debug|Any CPU
		{B766916C-4EB5-4345-861D-C2CB513C2C57}.Debug|Any CPU.Build.0 = Debug|Any CPU
		{B766916C-4EB5-4345-861D-C2CB513C2C57}.Debug|x64.ActiveCfg = Debug|Any CPU
		{B766916C-4EB5-4345-861D-C2CB513C2C57}.Debug|x64.Build.0 = Debug|Any CPU
		{B766916C-4EB5-4345-861D-C2CB513C2C57}.Debug|x86.ActiveCfg = Debug|Any CPU
		{B766916C-4EB5-4345-861D-C2CB513C2C57}.Debug|x86.Build.0 = Debug|Any CPU
		{B766916C-4EB5-4345-861D-C2CB513C2C57}.Release|Any CPU.ActiveCfg = Release|Any CPU
		{B766916C-4EB5-4345-861D-C2CB513C2C57}.Release|Any CPU.Build.0 = Release|Any CPU
		{B766916C-4EB5-4345-861D-C2CB513C2C57}.Release|x64.ActiveCfg = Release|Any CPU
		{B766916C-4EB5-4345-861D-C2CB513C2C57}.Release|x64.Build.0 = Release|Any CPU
		{B766916C-4EB5-4345-861D-C2CB513C2C57}.Release|x86.ActiveCfg = Release|Any CPU
		{B766916C-4EB5-4345-861D-C2CB513C2C57}.Release|x86.Build.0 = Release|Any CPU
		{D460FA8B-E2AE-4D86-958D-8C29C846B900}.Debug|Any CPU.ActiveCfg = Debug|Any CPU
		{D460FA8B-E2AE-4D86-958D-8C29C846B900}.Debug|Any CPU.Build.0 = Debug|Any CPU
		{D460FA8B-E2AE-4D86-958D-8C29C846B900}.Debug|x64.ActiveCfg = Debug|Any CPU
		{D460FA8B-E2AE-4D86-958D-8C29C846B900}.Debug|x64.Build.0 = Debug|Any CPU
		{D460FA8B-E2AE-4D86-958D-8C29C846B900}.Debug|x86.ActiveCfg = Debug|Any CPU
		{D460FA8B-E2AE-4D86-958D-8C29C846B900}.Debug|x86.Build.0 = Debug|Any CPU
		{D460FA8B-E2AE-4D86-958D-8C29C846B900}.Release|Any CPU.ActiveCfg = Release|Any CPU
		{D460FA8B-E2AE-4D86-958D-8C29C846B900}.Release|Any CPU.Build.0 = Release|Any CPU
		{D460FA8B-E2AE-4D86-958D-8C29C846B900}.Release|x64.ActiveCfg = Release|Any CPU
		{D460FA8B-E2AE-4D86-958D-8C29C846B900}.Release|x64.Build.0 = Release|Any CPU
		{D460FA8B-E2AE-4D86-958D-8C29C846B900}.Release|x86.ActiveCfg = Release|Any CPU
		{D460FA8B-E2AE-4D86-958D-8C29C846B900}.Release|x86.Build.0 = Release|Any CPU
		{DB60F5C4-A88D-485D-84EC-5B7D9B40C2B6}.Debug|Any CPU.ActiveCfg = Debug|Any CPU
		{DB60F5C4-A88D-485D-84EC-5B7D9B40C2B6}.Debug|Any CPU.Build.0 = Debug|Any CPU
		{DB60F5C4-A88D-485D-84EC-5B7D9B40C2B6}.Debug|x64.ActiveCfg = Debug|Any CPU
		{DB60F5C4-A88D-485D-84EC-5B7D9B40C2B6}.Debug|x64.Build.0 = Debug|Any CPU
		{DB60F5C4-A88D-485D-84EC-5B7D9B40C2B6}.Debug|x86.ActiveCfg = Debug|Any CPU
		{DB60F5C4-A88D-485D-84EC-5B7D9B40C2B6}.Debug|x86.Build.0 = Debug|Any CPU
		{DB60F5C4-A88D-485D-84EC-5B7D9B40C2B6}.Release|Any CPU.ActiveCfg = Release|Any CPU
		{DB60F5C4-A88D-485D-84EC-5B7D9B40C2B6}.Release|Any CPU.Build.0 = Release|Any CPU
		{DB60F5C4-A88D-485D-84EC-5B7D9B40C2B6}.Release|x64.ActiveCfg = Release|Any CPU
		{DB60F5C4-A88D-485D-84EC-5B7D9B40C2B6}.Release|x64.Build.0 = Release|Any CPU
		{DB60F5C4-A88D-485D-84EC-5B7D9B40C2B6}.Release|x86.ActiveCfg = Release|Any CPU
		{DB60F5C4-A88D-485D-84EC-5B7D9B40C2B6}.Release|x86.Build.0 = Release|Any CPU
		{F82189D7-F513-4D0B-B463-2DF327CDF0F6}.Debug|Any CPU.ActiveCfg = Debug|Any CPU
		{F82189D7-F513-4D0B-B463-2DF327CDF0F6}.Debug|Any CPU.Build.0 = Debug|Any CPU
		{F82189D7-F513-4D0B-B463-2DF327CDF0F6}.Debug|x64.ActiveCfg = Debug|Any CPU
		{F82189D7-F513-4D0B-B463-2DF327CDF0F6}.Debug|x64.Build.0 = Debug|Any CPU
		{F82189D7-F513-4D0B-B463-2DF327CDF0F6}.Debug|x86.ActiveCfg = Debug|Any CPU
		{F82189D7-F513-4D0B-B463-2DF327CDF0F6}.Debug|x86.Build.0 = Debug|Any CPU
		{F82189D7-F513-4D0B-B463-2DF327CDF0F6}.Release|Any CPU.ActiveCfg = Release|Any CPU
		{F82189D7-F513-4D0B-B463-2DF327CDF0F6}.Release|Any CPU.Build.0 = Release|Any CPU
		{F82189D7-F513-4D0B-B463-2DF327CDF0F6}.Release|x64.ActiveCfg = Release|Any CPU
		{F82189D7-F513-4D0B-B463-2DF327CDF0F6}.Release|x64.Build.0 = Release|Any CPU
		{F82189D7-F513-4D0B-B463-2DF327CDF0F6}.Release|x86.ActiveCfg = Release|Any CPU
		{F82189D7-F513-4D0B-B463-2DF327CDF0F6}.Release|x86.Build.0 = Release|Any CPU
		{F343AC4B-6F9E-4CC0-A503-C95E4039D459}.Debug|Any CPU.ActiveCfg = Debug|Any CPU
		{F343AC4B-6F9E-4CC0-A503-C95E4039D459}.Debug|Any CPU.Build.0 = Debug|Any CPU
		{F343AC4B-6F9E-4CC0-A503-C95E4039D459}.Debug|x64.ActiveCfg = Debug|Any CPU
		{F343AC4B-6F9E-4CC0-A503-C95E4039D459}.Debug|x64.Build.0 = Debug|Any CPU
		{F343AC4B-6F9E-4CC0-A503-C95E4039D459}.Debug|x86.ActiveCfg = Debug|Any CPU
		{F343AC4B-6F9E-4CC0-A503-C95E4039D459}.Debug|x86.Build.0 = Debug|Any CPU
		{F343AC4B-6F9E-4CC0-A503-C95E4039D459}.Release|Any CPU.ActiveCfg = Release|Any CPU
		{F343AC4B-6F9E-4CC0-A503-C95E4039D459}.Release|Any CPU.Build.0 = Release|Any CPU
		{F343AC4B-6F9E-4CC0-A503-C95E4039D459}.Release|x64.ActiveCfg = Release|Any CPU
		{F343AC4B-6F9E-4CC0-A503-C95E4039D459}.Release|x64.Build.0 = Release|Any CPU
		{F343AC4B-6F9E-4CC0-A503-C95E4039D459}.Release|x86.ActiveCfg = Release|Any CPU
		{F343AC4B-6F9E-4CC0-A503-C95E4039D459}.Release|x86.Build.0 = Release|Any CPU
		{730D9FE9-216C-4F8A-841D-E9F7B4ABD321}.Debug|Any CPU.ActiveCfg = Debug|Any CPU
		{730D9FE9-216C-4F8A-841D-E9F7B4ABD321}.Debug|Any CPU.Build.0 = Debug|Any CPU
		{730D9FE9-216C-4F8A-841D-E9F7B4ABD321}.Debug|x64.ActiveCfg = Debug|Any CPU
		{730D9FE9-216C-4F8A-841D-E9F7B4ABD321}.Debug|x64.Build.0 = Debug|Any CPU
		{730D9FE9-216C-4F8A-841D-E9F7B4ABD321}.Debug|x86.ActiveCfg = Debug|Any CPU
		{730D9FE9-216C-4F8A-841D-E9F7B4ABD321}.Debug|x86.Build.0 = Debug|Any CPU
		{730D9FE9-216C-4F8A-841D-E9F7B4ABD321}.Release|Any CPU.ActiveCfg = Release|Any CPU
		{730D9FE9-216C-4F8A-841D-E9F7B4ABD321}.Release|Any CPU.Build.0 = Release|Any CPU
		{730D9FE9-216C-4F8A-841D-E9F7B4ABD321}.Release|x64.ActiveCfg = Release|Any CPU
		{730D9FE9-216C-4F8A-841D-E9F7B4ABD321}.Release|x64.Build.0 = Release|Any CPU
		{730D9FE9-216C-4F8A-841D-E9F7B4ABD321}.Release|x86.ActiveCfg = Release|Any CPU
		{730D9FE9-216C-4F8A-841D-E9F7B4ABD321}.Release|x86.Build.0 = Release|Any CPU
		{B0FCE63D-FFA6-4D04-83CF-4055C67C3606}.Debug|Any CPU.ActiveCfg = Debug|Any CPU
		{B0FCE63D-FFA6-4D04-83CF-4055C67C3606}.Debug|Any CPU.Build.0 = Debug|Any CPU
		{B0FCE63D-FFA6-4D04-83CF-4055C67C3606}.Debug|x64.ActiveCfg = Debug|Any CPU
		{B0FCE63D-FFA6-4D04-83CF-4055C67C3606}.Debug|x64.Build.0 = Debug|Any CPU
		{B0FCE63D-FFA6-4D04-83CF-4055C67C3606}.Debug|x86.ActiveCfg = Debug|Any CPU
		{B0FCE63D-FFA6-4D04-83CF-4055C67C3606}.Debug|x86.Build.0 = Debug|Any CPU
		{B0FCE63D-FFA6-4D04-83CF-4055C67C3606}.Release|Any CPU.ActiveCfg = Release|Any CPU
		{B0FCE63D-FFA6-4D04-83CF-4055C67C3606}.Release|Any CPU.Build.0 = Release|Any CPU
		{B0FCE63D-FFA6-4D04-83CF-4055C67C3606}.Release|x64.ActiveCfg = Release|Any CPU
		{B0FCE63D-FFA6-4D04-83CF-4055C67C3606}.Release|x64.Build.0 = Release|Any CPU
		{B0FCE63D-FFA6-4D04-83CF-4055C67C3606}.Release|x86.ActiveCfg = Release|Any CPU
		{B0FCE63D-FFA6-4D04-83CF-4055C67C3606}.Release|x86.Build.0 = Release|Any CPU
		{C5396E29-9C03-42E6-A15B-E2EB214E83EB}.Debug|Any CPU.ActiveCfg = Debug|Any CPU
		{C5396E29-9C03-42E6-A15B-E2EB214E83EB}.Debug|Any CPU.Build.0 = Debug|Any CPU
		{C5396E29-9C03-42E6-A15B-E2EB214E83EB}.Debug|x64.ActiveCfg = Debug|Any CPU
		{C5396E29-9C03-42E6-A15B-E2EB214E83EB}.Debug|x64.Build.0 = Debug|Any CPU
		{C5396E29-9C03-42E6-A15B-E2EB214E83EB}.Debug|x86.ActiveCfg = Debug|Any CPU
		{C5396E29-9C03-42E6-A15B-E2EB214E83EB}.Debug|x86.Build.0 = Debug|Any CPU
		{C5396E29-9C03-42E6-A15B-E2EB214E83EB}.Release|Any CPU.ActiveCfg = Release|Any CPU
		{C5396E29-9C03-42E6-A15B-E2EB214E83EB}.Release|Any CPU.Build.0 = Release|Any CPU
		{C5396E29-9C03-42E6-A15B-E2EB214E83EB}.Release|x64.ActiveCfg = Release|Any CPU
		{C5396E29-9C03-42E6-A15B-E2EB214E83EB}.Release|x64.Build.0 = Release|Any CPU
		{C5396E29-9C03-42E6-A15B-E2EB214E83EB}.Release|x86.ActiveCfg = Release|Any CPU
		{C5396E29-9C03-42E6-A15B-E2EB214E83EB}.Release|x86.Build.0 = Release|Any CPU
		{D9A77112-BA7D-4D76-9577-F729F1AA0914}.Debug|Any CPU.ActiveCfg = Debug|Any CPU
		{D9A77112-BA7D-4D76-9577-F729F1AA0914}.Debug|Any CPU.Build.0 = Debug|Any CPU
		{D9A77112-BA7D-4D76-9577-F729F1AA0914}.Debug|x64.ActiveCfg = Debug|Any CPU
		{D9A77112-BA7D-4D76-9577-F729F1AA0914}.Debug|x64.Build.0 = Debug|Any CPU
		{D9A77112-BA7D-4D76-9577-F729F1AA0914}.Debug|x86.ActiveCfg = Debug|Any CPU
		{D9A77112-BA7D-4D76-9577-F729F1AA0914}.Debug|x86.Build.0 = Debug|Any CPU
		{D9A77112-BA7D-4D76-9577-F729F1AA0914}.Release|Any CPU.ActiveCfg = Release|Any CPU
		{D9A77112-BA7D-4D76-9577-F729F1AA0914}.Release|Any CPU.Build.0 = Release|Any CPU
		{D9A77112-BA7D-4D76-9577-F729F1AA0914}.Release|x64.ActiveCfg = Release|Any CPU
		{D9A77112-BA7D-4D76-9577-F729F1AA0914}.Release|x64.Build.0 = Release|Any CPU
		{D9A77112-BA7D-4D76-9577-F729F1AA0914}.Release|x86.ActiveCfg = Release|Any CPU
		{D9A77112-BA7D-4D76-9577-F729F1AA0914}.Release|x86.Build.0 = Release|Any CPU
		{8141772B-723B-4CA1-8CB5-BA9FDDC3574C}.Debug|Any CPU.ActiveCfg = Debug|Any CPU
		{8141772B-723B-4CA1-8CB5-BA9FDDC3574C}.Debug|Any CPU.Build.0 = Debug|Any CPU
		{8141772B-723B-4CA1-8CB5-BA9FDDC3574C}.Debug|x64.ActiveCfg = Debug|Any CPU
		{8141772B-723B-4CA1-8CB5-BA9FDDC3574C}.Debug|x64.Build.0 = Debug|Any CPU
		{8141772B-723B-4CA1-8CB5-BA9FDDC3574C}.Debug|x86.ActiveCfg = Debug|Any CPU
		{8141772B-723B-4CA1-8CB5-BA9FDDC3574C}.Debug|x86.Build.0 = Debug|Any CPU
		{8141772B-723B-4CA1-8CB5-BA9FDDC3574C}.Release|Any CPU.ActiveCfg = Release|Any CPU
		{8141772B-723B-4CA1-8CB5-BA9FDDC3574C}.Release|Any CPU.Build.0 = Release|Any CPU
		{8141772B-723B-4CA1-8CB5-BA9FDDC3574C}.Release|x64.ActiveCfg = Release|Any CPU
		{8141772B-723B-4CA1-8CB5-BA9FDDC3574C}.Release|x64.Build.0 = Release|Any CPU
		{8141772B-723B-4CA1-8CB5-BA9FDDC3574C}.Release|x86.ActiveCfg = Release|Any CPU
		{8141772B-723B-4CA1-8CB5-BA9FDDC3574C}.Release|x86.Build.0 = Release|Any CPU
		{4A479AC8-528D-4EF6-A291-C48ADC2FCA4D}.Debug|Any CPU.ActiveCfg = Debug|Any CPU
		{4A479AC8-528D-4EF6-A291-C48ADC2FCA4D}.Debug|Any CPU.Build.0 = Debug|Any CPU
		{4A479AC8-528D-4EF6-A291-C48ADC2FCA4D}.Debug|x64.ActiveCfg = Debug|Any CPU
		{4A479AC8-528D-4EF6-A291-C48ADC2FCA4D}.Debug|x64.Build.0 = Debug|Any CPU
		{4A479AC8-528D-4EF6-A291-C48ADC2FCA4D}.Debug|x86.ActiveCfg = Debug|Any CPU
		{4A479AC8-528D-4EF6-A291-C48ADC2FCA4D}.Debug|x86.Build.0 = Debug|Any CPU
		{4A479AC8-528D-4EF6-A291-C48ADC2FCA4D}.Release|Any CPU.ActiveCfg = Release|Any CPU
		{4A479AC8-528D-4EF6-A291-C48ADC2FCA4D}.Release|Any CPU.Build.0 = Release|Any CPU
		{4A479AC8-528D-4EF6-A291-C48ADC2FCA4D}.Release|x64.ActiveCfg = Release|Any CPU
		{4A479AC8-528D-4EF6-A291-C48ADC2FCA4D}.Release|x64.Build.0 = Release|Any CPU
		{4A479AC8-528D-4EF6-A291-C48ADC2FCA4D}.Release|x86.ActiveCfg = Release|Any CPU
		{4A479AC8-528D-4EF6-A291-C48ADC2FCA4D}.Release|x86.Build.0 = Release|Any CPU
		{298BD32D-889F-4767-AE1B-E714BF257FEB}.Debug|Any CPU.ActiveCfg = Debug|Any CPU
		{298BD32D-889F-4767-AE1B-E714BF257FEB}.Debug|Any CPU.Build.0 = Debug|Any CPU
		{298BD32D-889F-4767-AE1B-E714BF257FEB}.Debug|x64.ActiveCfg = Debug|Any CPU
		{298BD32D-889F-4767-AE1B-E714BF257FEB}.Debug|x64.Build.0 = Debug|Any CPU
		{298BD32D-889F-4767-AE1B-E714BF257FEB}.Debug|x86.ActiveCfg = Debug|Any CPU
		{298BD32D-889F-4767-AE1B-E714BF257FEB}.Debug|x86.Build.0 = Debug|Any CPU
		{298BD32D-889F-4767-AE1B-E714BF257FEB}.Release|Any CPU.ActiveCfg = Release|Any CPU
		{298BD32D-889F-4767-AE1B-E714BF257FEB}.Release|Any CPU.Build.0 = Release|Any CPU
		{298BD32D-889F-4767-AE1B-E714BF257FEB}.Release|x64.ActiveCfg = Release|Any CPU
		{298BD32D-889F-4767-AE1B-E714BF257FEB}.Release|x64.Build.0 = Release|Any CPU
		{298BD32D-889F-4767-AE1B-E714BF257FEB}.Release|x86.ActiveCfg = Release|Any CPU
		{298BD32D-889F-4767-AE1B-E714BF257FEB}.Release|x86.Build.0 = Release|Any CPU
		{BBE34007-FB86-4CCB-9EB3-F1AB964069E1}.Debug|Any CPU.ActiveCfg = Debug|Any CPU
		{BBE34007-FB86-4CCB-9EB3-F1AB964069E1}.Debug|Any CPU.Build.0 = Debug|Any CPU
		{BBE34007-FB86-4CCB-9EB3-F1AB964069E1}.Debug|x64.ActiveCfg = Debug|Any CPU
		{BBE34007-FB86-4CCB-9EB3-F1AB964069E1}.Debug|x64.Build.0 = Debug|Any CPU
		{BBE34007-FB86-4CCB-9EB3-F1AB964069E1}.Debug|x86.ActiveCfg = Debug|Any CPU
		{BBE34007-FB86-4CCB-9EB3-F1AB964069E1}.Debug|x86.Build.0 = Debug|Any CPU
		{BBE34007-FB86-4CCB-9EB3-F1AB964069E1}.Release|Any CPU.ActiveCfg = Release|Any CPU
		{BBE34007-FB86-4CCB-9EB3-F1AB964069E1}.Release|Any CPU.Build.0 = Release|Any CPU
		{BBE34007-FB86-4CCB-9EB3-F1AB964069E1}.Release|x64.ActiveCfg = Release|Any CPU
		{BBE34007-FB86-4CCB-9EB3-F1AB964069E1}.Release|x64.Build.0 = Release|Any CPU
		{BBE34007-FB86-4CCB-9EB3-F1AB964069E1}.Release|x86.ActiveCfg = Release|Any CPU
		{BBE34007-FB86-4CCB-9EB3-F1AB964069E1}.Release|x86.Build.0 = Release|Any CPU
		{4CA29414-8625-435C-AA8D-C07BCC4427CB}.Debug|Any CPU.ActiveCfg = Debug|Any CPU
		{4CA29414-8625-435C-AA8D-C07BCC4427CB}.Debug|Any CPU.Build.0 = Debug|Any CPU
		{4CA29414-8625-435C-AA8D-C07BCC4427CB}.Debug|x64.ActiveCfg = Debug|Any CPU
		{4CA29414-8625-435C-AA8D-C07BCC4427CB}.Debug|x64.Build.0 = Debug|Any CPU
		{4CA29414-8625-435C-AA8D-C07BCC4427CB}.Debug|x86.ActiveCfg = Debug|Any CPU
		{4CA29414-8625-435C-AA8D-C07BCC4427CB}.Debug|x86.Build.0 = Debug|Any CPU
		{4CA29414-8625-435C-AA8D-C07BCC4427CB}.Release|Any CPU.ActiveCfg = Release|Any CPU
		{4CA29414-8625-435C-AA8D-C07BCC4427CB}.Release|Any CPU.Build.0 = Release|Any CPU
		{4CA29414-8625-435C-AA8D-C07BCC4427CB}.Release|x64.ActiveCfg = Release|Any CPU
		{4CA29414-8625-435C-AA8D-C07BCC4427CB}.Release|x64.Build.0 = Release|Any CPU
		{4CA29414-8625-435C-AA8D-C07BCC4427CB}.Release|x86.ActiveCfg = Release|Any CPU
		{4CA29414-8625-435C-AA8D-C07BCC4427CB}.Release|x86.Build.0 = Release|Any CPU
		{29EBDD43-263E-4C3D-8245-0EC3A52DA8EC}.Debug|Any CPU.ActiveCfg = Debug|Any CPU
		{29EBDD43-263E-4C3D-8245-0EC3A52DA8EC}.Debug|Any CPU.Build.0 = Debug|Any CPU
		{29EBDD43-263E-4C3D-8245-0EC3A52DA8EC}.Debug|x64.ActiveCfg = Debug|Any CPU
		{29EBDD43-263E-4C3D-8245-0EC3A52DA8EC}.Debug|x64.Build.0 = Debug|Any CPU
		{29EBDD43-263E-4C3D-8245-0EC3A52DA8EC}.Debug|x86.ActiveCfg = Debug|Any CPU
		{29EBDD43-263E-4C3D-8245-0EC3A52DA8EC}.Debug|x86.Build.0 = Debug|Any CPU
		{29EBDD43-263E-4C3D-8245-0EC3A52DA8EC}.Release|Any CPU.ActiveCfg = Release|Any CPU
		{29EBDD43-263E-4C3D-8245-0EC3A52DA8EC}.Release|Any CPU.Build.0 = Release|Any CPU
		{29EBDD43-263E-4C3D-8245-0EC3A52DA8EC}.Release|x64.ActiveCfg = Release|Any CPU
		{29EBDD43-263E-4C3D-8245-0EC3A52DA8EC}.Release|x64.Build.0 = Release|Any CPU
		{29EBDD43-263E-4C3D-8245-0EC3A52DA8EC}.Release|x86.ActiveCfg = Release|Any CPU
		{29EBDD43-263E-4C3D-8245-0EC3A52DA8EC}.Release|x86.Build.0 = Release|Any CPU
		{ADAE5F60-A367-4C38-A950-9921A98AF13A}.Debug|Any CPU.ActiveCfg = Debug|Any CPU
		{ADAE5F60-A367-4C38-A950-9921A98AF13A}.Debug|Any CPU.Build.0 = Debug|Any CPU
		{ADAE5F60-A367-4C38-A950-9921A98AF13A}.Debug|x64.ActiveCfg = Debug|Any CPU
		{ADAE5F60-A367-4C38-A950-9921A98AF13A}.Debug|x64.Build.0 = Debug|Any CPU
		{ADAE5F60-A367-4C38-A950-9921A98AF13A}.Debug|x86.ActiveCfg = Debug|Any CPU
		{ADAE5F60-A367-4C38-A950-9921A98AF13A}.Debug|x86.Build.0 = Debug|Any CPU
		{ADAE5F60-A367-4C38-A950-9921A98AF13A}.Release|Any CPU.ActiveCfg = Release|Any CPU
		{ADAE5F60-A367-4C38-A950-9921A98AF13A}.Release|Any CPU.Build.0 = Release|Any CPU
		{ADAE5F60-A367-4C38-A950-9921A98AF13A}.Release|x64.ActiveCfg = Release|Any CPU
		{ADAE5F60-A367-4C38-A950-9921A98AF13A}.Release|x64.Build.0 = Release|Any CPU
		{ADAE5F60-A367-4C38-A950-9921A98AF13A}.Release|x86.ActiveCfg = Release|Any CPU
		{ADAE5F60-A367-4C38-A950-9921A98AF13A}.Release|x86.Build.0 = Release|Any CPU
		{AC2B8BD5-5CB3-46D6-9338-82381DDF1B23}.Debug|Any CPU.ActiveCfg = Debug|Any CPU
		{AC2B8BD5-5CB3-46D6-9338-82381DDF1B23}.Debug|Any CPU.Build.0 = Debug|Any CPU
		{AC2B8BD5-5CB3-46D6-9338-82381DDF1B23}.Debug|x64.ActiveCfg = Debug|Any CPU
		{AC2B8BD5-5CB3-46D6-9338-82381DDF1B23}.Debug|x64.Build.0 = Debug|Any CPU
		{AC2B8BD5-5CB3-46D6-9338-82381DDF1B23}.Debug|x86.ActiveCfg = Debug|Any CPU
		{AC2B8BD5-5CB3-46D6-9338-82381DDF1B23}.Debug|x86.Build.0 = Debug|Any CPU
		{AC2B8BD5-5CB3-46D6-9338-82381DDF1B23}.Release|Any CPU.ActiveCfg = Release|Any CPU
		{AC2B8BD5-5CB3-46D6-9338-82381DDF1B23}.Release|Any CPU.Build.0 = Release|Any CPU
		{AC2B8BD5-5CB3-46D6-9338-82381DDF1B23}.Release|x64.ActiveCfg = Release|Any CPU
		{AC2B8BD5-5CB3-46D6-9338-82381DDF1B23}.Release|x64.Build.0 = Release|Any CPU
		{AC2B8BD5-5CB3-46D6-9338-82381DDF1B23}.Release|x86.ActiveCfg = Release|Any CPU
		{AC2B8BD5-5CB3-46D6-9338-82381DDF1B23}.Release|x86.Build.0 = Release|Any CPU
		{0D5F94F0-A567-402A-8CA9-312B420B7579}.Debug|Any CPU.ActiveCfg = Debug|Any CPU
		{0D5F94F0-A567-402A-8CA9-312B420B7579}.Debug|Any CPU.Build.0 = Debug|Any CPU
		{0D5F94F0-A567-402A-8CA9-312B420B7579}.Debug|x64.ActiveCfg = Debug|Any CPU
		{0D5F94F0-A567-402A-8CA9-312B420B7579}.Debug|x64.Build.0 = Debug|Any CPU
		{0D5F94F0-A567-402A-8CA9-312B420B7579}.Debug|x86.ActiveCfg = Debug|Any CPU
		{0D5F94F0-A567-402A-8CA9-312B420B7579}.Debug|x86.Build.0 = Debug|Any CPU
		{0D5F94F0-A567-402A-8CA9-312B420B7579}.Release|Any CPU.ActiveCfg = Release|Any CPU
		{0D5F94F0-A567-402A-8CA9-312B420B7579}.Release|Any CPU.Build.0 = Release|Any CPU
		{0D5F94F0-A567-402A-8CA9-312B420B7579}.Release|x64.ActiveCfg = Release|Any CPU
		{0D5F94F0-A567-402A-8CA9-312B420B7579}.Release|x64.Build.0 = Release|Any CPU
		{0D5F94F0-A567-402A-8CA9-312B420B7579}.Release|x86.ActiveCfg = Release|Any CPU
		{0D5F94F0-A567-402A-8CA9-312B420B7579}.Release|x86.Build.0 = Release|Any CPU
	EndGlobalSection
	GlobalSection(SolutionProperties) = preSolution
		HideSolutionNode = FALSE
	EndGlobalSection
	GlobalSection(NestedProjects) = preSolution
		{D460FA8B-E2AE-4D86-958D-8C29C846B900} = {0AB3BF05-4346-4AA6-1389-037BE0695223}
		{DB60F5C4-A88D-485D-84EC-5B7D9B40C2B6} = {827E0CD3-B72D-47B6-A68D-7590B98EB39B}
		{F82189D7-F513-4D0B-B463-2DF327CDF0F6} = {827E0CD3-B72D-47B6-A68D-7590B98EB39B}
		{F343AC4B-6F9E-4CC0-A503-C95E4039D459} = {827E0CD3-B72D-47B6-A68D-7590B98EB39B}
		{730D9FE9-216C-4F8A-841D-E9F7B4ABD321} = {827E0CD3-B72D-47B6-A68D-7590B98EB39B}
		{B0FCE63D-FFA6-4D04-83CF-4055C67C3606} = {827E0CD3-B72D-47B6-A68D-7590B98EB39B}
		{C5396E29-9C03-42E6-A15B-E2EB214E83EB} = {827E0CD3-B72D-47B6-A68D-7590B98EB39B}
		{D9A77112-BA7D-4D76-9577-F729F1AA0914} = {827E0CD3-B72D-47B6-A68D-7590B98EB39B}
		{8141772B-723B-4CA1-8CB5-BA9FDDC3574C} = {827E0CD3-B72D-47B6-A68D-7590B98EB39B}
		{4A479AC8-528D-4EF6-A291-C48ADC2FCA4D} = {827E0CD3-B72D-47B6-A68D-7590B98EB39B}
		{298BD32D-889F-4767-AE1B-E714BF257FEB} = {827E0CD3-B72D-47B6-A68D-7590B98EB39B}
		{BBE34007-FB86-4CCB-9EB3-F1AB964069E1} = {827E0CD3-B72D-47B6-A68D-7590B98EB39B}
		{4CA29414-8625-435C-AA8D-C07BCC4427CB} = {827E0CD3-B72D-47B6-A68D-7590B98EB39B}
		{29EBDD43-263E-4C3D-8245-0EC3A52DA8EC} = {827E0CD3-B72D-47B6-A68D-7590B98EB39B}
		{ADAE5F60-A367-4C38-A950-9921A98AF13A} = {827E0CD3-B72D-47B6-A68D-7590B98EB39B}
		{AC2B8BD5-5CB3-46D6-9338-82381DDF1B23} = {827E0CD3-B72D-47B6-A68D-7590B98EB39B}
		{0D5F94F0-A567-402A-8CA9-312B420B7579} = {827E0CD3-B72D-47B6-A68D-7590B98EB39B}
	EndGlobalSection
	GlobalSection(ExtensibilityGlobals) = postSolution
		SolutionGuid = {FEFC08F2-A527-463B-8A58-7294893C90A5}
	EndGlobalSection
EndGlobal
