
Microsoft Visual Studio Solution File, Format Version 12.00
# Visual Studio Version 17
VisualStudioVersion = 17.5.2.0
MinimumVisualStudioVersion = 10.0.40219.1
Project("{FAE04EC0-301F-11D3-BF4B-00C04F79EFBC}") = "EventManagementService.API", "EventManagementService.API.csproj", "{49C66B98-6779-6167-4187-17DA173AAB49}"
EndProject
Project("{FAE04EC0-301F-11D3-BF4B-00C04F79EFBC}") = "EventManagementService.API.Tests", "EventManagementService.API.Tests\EventManagementService.API.Tests.csproj", "{B766916C-4EB5-4345-861D-C2CB513C2C57}"
EndProject
Global
	GlobalSection(SolutionConfigurationPlatforms) = preSolution
		Debug|Any CPU = Debug|Any CPU
		Debug|x64 = Debug|x64
		Debug|x86 = Debug|x86
		Release|Any CPU = Release|Any CPU
		Release|x64 = Release|x64
		Release|x86 = Release|x86
	EndGlobalSection
	GlobalSection(ProjectConfigurationPlatforms) = postSolution
		{49C66B98-6779-6167-4187-17DA173AAB49}.Debug|Any CPU.ActiveCfg = Debug|Any CPU
		{49C66B98-6779-6167-4187-17DA173AAB49}.Debug|Any CPU.Build.0 = Debug|Any CPU
		{49C66B98-6779-6167-4187-17DA173AAB49}.Debug|x64.ActiveCfg = Debug|Any CPU
		{49C66B98-6779-6167-4187-17DA173AAB49}.Debug|x64.Build.0 = Debug|Any CPU
		{49C66B98-6779-6167-4187-17DA173AAB49}.Debug|x86.ActiveCfg = Debug|Any CPU
		{49C66B98-6779-6167-4187-17DA173AAB49}.Debug|x86.Build.0 = Debug|Any CPU
		{49C66B98-6779-6167-4187-17DA173AAB49}.Release|Any CPU.ActiveCfg = Release|Any CPU
		{49C66B98-6779-6167-4187-17DA173AAB49}.Release|Any CPU.Build.0 = Release|Any CPU
		{49C66B98-6779-6167-4187-17DA173AAB49}.Release|x64.ActiveCfg = Release|Any CPU
		{49C66B98-6779-6167-4187-17DA173AAB49}.Release|x64.Build.0 = Release|Any CPU
		{49C66B98-6779-6167-4187-17DA173AAB49}.Release|x86.ActiveCfg = Release|Any CPU
		{49C66B98-6779-6167-4187-17DA173AAB49}.Release|x86.Build.0 = Release|Any CPU
		{B766916C-4EB5-4345-861D-C2CB513C2C57}.Debug|Any CPU.ActiveCfg = Debug|Any CPU
		{B766916C-4EB5-4345-861D-C2CB513C2C57}.Debug|Any CPU.Build.0 = Debug|Any CPU
		{B766916C-4EB5-4345-861D-C2CB513C2C57}.Debug|x64.ActiveCfg = Debug|Any CPU
		{B766916C-4EB5-4345-861D-C2CB513C2C57}.Debug|x64.Build.0 = Debug|Any CPU
		{B766916C-4EB5-4345-861D-C2CB513C2C57}.Debug|x86.ActiveCfg = Debug|Any CPU
		{B766916C-4EB5-4345-861D-C2CB513C2C57}.Debug|x86.Build.0 = Debug|Any CPU
		{B766916C-4EB5-4345-861D-C2CB513C2C57}.Release|Any CPU.ActiveCfg = Release|Any CPU
		{B766916C-4EB5-4345-861D-C2CB513C2C57}.Release|Any CPU.Build.0 = Release|Any CPU
		{B766916C-4EB5-4345-861D-C2CB513C2C57}.Release|x64.ActiveCfg = Release|Any CPU
		{B766916C-4EB5-4345-861D-C2CB513C2C57}.Release|x64.Build.0 = Release|Any CPU
		{B766916C-4EB5-4345-861D-C2CB513C2C57}.Release|x86.ActiveCfg = Release|Any CPU
		{B766916C-4EB5-4345-861D-C2CB513C2C57}.Release|x86.Build.0 = Release|Any CPU
	EndGlobalSection
	GlobalSection(SolutionProperties) = preSolution
		HideSolutionNode = FALSE
	EndGlobalSection
	GlobalSection(ExtensibilityGlobals) = postSolution
		SolutionGuid = {FEFC08F2-A527-463B-8A58-7294893C90A5}
	EndGlobalSection
EndGlobal
